
Microsoft Visual Studio Solution File, Format Version 12.00
# Visual Studio Version 17
VisualStudioVersion = 17.11.35312.102
MinimumVisualStudioVersion = 10.0.40219.1
Project("{9A19103F-16F7-4668-BE54-9A1E7A4F7556}") = "BL", "BL\BL.csproj", "{620E367B-E607-4C65-A42C-8DE0352FF6FD}"
EndProject
Project("{9A19103F-16F7-4668-BE54-9A1E7A4F7556}") = "ML", "ML\ML.csproj", "{A2C57507-DF07-4AAD-8AD5-D77AB774079E}"
EndProject
Project("{9A19103F-16F7-4668-BE54-9A1E7A4F7556}") = "DL", "DL\DL.csproj", "{B88C6372-07CA-45CB-92D1-7B0775307D7F}"
EndProject
Project("{9A19103F-16F7-4668-BE54-9A1E7A4F7556}") = "PL_web", "PL_web\PL_web.csproj", "{D5278209-FF73-4F92-AA1C-2055CA045DA8}"
EndProject
Project("{FAE04EC0-301F-11D3-BF4B-00C04F79EFBC}") = "WebApi", "WebApi\WebApi.csproj", "{4C4BC03D-A996-4E5F-86E4-3BD22019238C}"
EndProject
Global
	GlobalSection(SolutionConfigurationPlatforms) = preSolution
		Debug|Any CPU = Debug|Any CPU
		Release|Any CPU = Release|Any CPU
	EndGlobalSection
	GlobalSection(ProjectConfigurationPlatforms) = postSolution
		{620E367B-E607-4C65-A42C-8DE0352FF6FD}.Debug|Any CPU.ActiveCfg = Debug|Any CPU
		{620E367B-E607-4C65-A42C-8DE0352FF6FD}.Debug|Any CPU.Build.0 = Debug|Any CPU
		{620E367B-E607-4C65-A42C-8DE0352FF6FD}.Release|Any CPU.ActiveCfg = Release|Any CPU
		{620E367B-E607-4C65-A42C-8DE0352FF6FD}.Release|Any CPU.Build.0 = Release|Any CPU
		{A2C57507-DF07-4AAD-8AD5-D77AB774079E}.Debug|Any CPU.ActiveCfg = Debug|Any CPU
		{A2C57507-DF07-4AAD-8AD5-D77AB774079E}.Debug|Any CPU.Build.0 = Debug|Any CPU
		{A2C57507-DF07-4AAD-8AD5-D77AB774079E}.Release|Any CPU.ActiveCfg = Release|Any CPU
		{A2C57507-DF07-4AAD-8AD5-D77AB774079E}.Release|Any CPU.Build.0 = Release|Any CPU
		{B88C6372-07CA-45CB-92D1-7B0775307D7F}.Debug|Any CPU.ActiveCfg = Debug|Any CPU
		{B88C6372-07CA-45CB-92D1-7B0775307D7F}.Debug|Any CPU.Build.0 = Debug|Any CPU
		{B88C6372-07CA-45CB-92D1-7B0775307D7F}.Release|Any CPU.ActiveCfg = Release|Any CPU
		{B88C6372-07CA-45CB-92D1-7B0775307D7F}.Release|Any CPU.Build.0 = Release|Any CPU
		{D5278209-FF73-4F92-AA1C-2055CA045DA8}.Debug|Any CPU.ActiveCfg = Debug|Any CPU
		{D5278209-FF73-4F92-AA1C-2055CA045DA8}.Debug|Any CPU.Build.0 = Debug|Any CPU
		{D5278209-FF73-4F92-AA1C-2055CA045DA8}.Release|Any CPU.ActiveCfg = Release|Any CPU
		{D5278209-FF73-4F92-AA1C-2055CA045DA8}.Release|Any CPU.Build.0 = Release|Any CPU
		{4C4BC03D-A996-4E5F-86E4-3BD22019238C}.Debug|Any CPU.ActiveCfg = Debug|Any CPU
		{4C4BC03D-A996-4E5F-86E4-3BD22019238C}.Debug|Any CPU.Build.0 = Debug|Any CPU
		{4C4BC03D-A996-4E5F-86E4-3BD22019238C}.Release|Any CPU.ActiveCfg = Release|Any CPU
		{4C4BC03D-A996-4E5F-86E4-3BD22019238C}.Release|Any CPU.Build.0 = Release|Any CPU
	EndGlobalSection
	GlobalSection(SolutionProperties) = preSolution
		HideSolutionNode = FALSE
	EndGlobalSection
	GlobalSection(ExtensibilityGlobals) = postSolution
		SolutionGuid = {5716947D-9C20-495F-A32C-41AC3E743373}
	EndGlobalSection
EndGlobal
